Microsoft Visual Studio Solution File, Format Version 12.00
# Visual Studio Version 16
VisualStudioVersion = 16.0.29230.47
MinimumVisualStudioVersion = 10.0.40219.1
Project("{FAE04EC0-301F-11D3-BF4B-00C04F79EFBC}") = "DiabetesApp7211.Android", "DiabetesApp7211.Android\DiabetesApp7211.Android.csproj", "{B92FB606-95A0-4C7D-B277-4C756EB3D2AE}"
EndProject
Project("{FAE04EC0-301F-11D3-BF4B-00C04F79EFBC}") = "DiabetesApp7211.iOS", "DiabetesApp7211.iOS\DiabetesApp7211.iOS.csproj", "{2AAE336A-9AFD-4B22-8612-AFA964849C07}"
EndProject
Project("{9A19103F-16F7-4668-BE54-9A1E7A4F7556}") = "DiabetesApp7211", "DiabetesApp7211\DiabetesApp7211.csproj", "{191BEB6E-1121-40AF-9988-F753C91B880B}"
EndProject
Global
	GlobalSection(SolutionConfigurationPlatforms) = preSolution
		Debug|Any CPU = Debug|Any CPU
		Debug|iPhone = Debug|iPhone
		Debug|iPhoneSimulator = Debug|iPhoneSimulator
		Release|Any CPU = Release|Any CPU
		Release|iPhone = Release|iPhone
		Release|iPhoneSimulator = Release|iPhoneSimulator
	EndGlobalSection
	GlobalSection(ProjectConfigurationPlatforms) = postSolution
		{B92FB606-95A0-4C7D-B277-4C756EB3D2AE}.Debug|Any CPU.ActiveCfg = Debug|Any CPU
		{B92FB606-95A0-4C7D-B277-4C756EB3D2AE}.Debug|Any CPU.Build.0 = Debug|Any CPU
		{B92FB606-95A0-4C7D-B277-4C756EB3D2AE}.Debug|Any CPU.Deploy.0 = Debug|Any CPU
		{B92FB606-95A0-4C7D-B277-4C756EB3D2AE}.Debug|iPhone.ActiveCfg = Debug|Any CPU
		{B92FB606-95A0-4C7D-B277-4C756EB3D2AE}.Debug|iPhone.Build.0 = Debug|Any CPU
		{B92FB606-95A0-4C7D-B277-4C756EB3D2AE}.Debug|iPhoneSimulator.ActiveCfg = Debug|Any CPU
		{B92FB606-95A0-4C7D-B277-4C756EB3D2AE}.Debug|iPhoneSimulator.Build.0 = Debug|Any CPU
		{B92FB606-95A0-4C7D-B277-4C756EB3D2AE}.Release|Any CPU.ActiveCfg = Release|Any CPU
		{B92FB606-95A0-4C7D-B277-4C756EB3D2AE}.Release|Any CPU.Build.0 = Release|Any CPU
		{B92FB606-95A0-4C7D-B277-4C756EB3D2AE}.Release|iPhone.ActiveCfg = Release|Any CPU
		{B92FB606-95A0-4C7D-B277-4C756EB3D2AE}.Release|iPhone.Build.0 = Release|Any CPU
		{B92FB606-95A0-4C7D-B277-4C756EB3D2AE}.Release|iPhoneSimulator.ActiveCfg = Release|Any CPU
		{B92FB606-95A0-4C7D-B277-4C756EB3D2AE}.Release|iPhoneSimulator.Build.0 = Release|Any CPU
		{2AAE336A-9AFD-4B22-8612-AFA964849C07}.Debug|Any CPU.ActiveCfg = Debug|iPhoneSimulator
		{2AAE336A-9AFD-4B22-8612-AFA964849C07}.Debug|Any CPU.Build.0 = Debug|iPhoneSimulator
		{2AAE336A-9AFD-4B22-8612-AFA964849C07}.Debug|iPhone.ActiveCfg = Debug|iPhone
		{2AAE336A-9AFD-4B22-8612-AFA964849C07}.Debug|iPhone.Build.0 = Debug|iPhone
		{2AAE336A-9AFD-4B22-8612-AFA964849C07}.Debug|iPhoneSimulator.ActiveCfg = Debug|iPhoneSimulator
		{2AAE336A-9AFD-4B22-8612-AFA964849C07}.Debug|iPhoneSimulator.Build.0 = Debug|iPhoneSimulator
		{2AAE336A-9AFD-4B22-8612-AFA964849C07}.Release|Any CPU.ActiveCfg = Release|iPhoneSimulator
		{2AAE336A-9AFD-4B22-8612-AFA964849C07}.Release|Any CPU.Build.0 = Release|iPhoneSimulator
		{2AAE336A-9AFD-4B22-8612-AFA964849C07}.Release|iPhone.ActiveCfg = Release|iPhone
		{2AAE336A-9AFD-4B22-8612-AFA964849C07}.Release|iPhone.Build.0 = Release|iPhone
		{2AAE336A-9AFD-4B22-8612-AFA964849C07}.Release|iPhoneSimulator.ActiveCfg = Release|iPhoneSimulator
		{2AAE336A-9AFD-4B22-8612-AFA964849C07}.Release|iPhoneSimulator.Build.0 = Release|iPhoneSimulator
		{191BEB6E-1121-40AF-9988-F753C91B880B}.Debug|Any CPU.ActiveCfg = Debug|Any CPU
		{191BEB6E-1121-40AF-9988-F753C91B880B}.Debug|Any CPU.Build.0 = Debug|Any CPU
		{191BEB6E-1121-40AF-9988-F753C91B880B}.Debug|iPhone.ActiveCfg = Debug|Any CPU
		{191BEB6E-1121-40AF-9988-F753C91B880B}.Debug|iPhone.Build.0 = Debug|Any CPU
		{191BEB6E-1121-40AF-9988-F753C91B880B}.Debug|iPhoneSimulator.ActiveCfg = Debug|Any CPU
		{191BEB6E-1121-40AF-9988-F753C91B880B}.Debug|iPhoneSimulator.Build.0 = Debug|Any CPU
		{191BEB6E-1121-40AF-9988-F753C91B880B}.Release|Any CPU.ActiveCfg = Release|Any CPU
		{191BEB6E-1121-40AF-9988-F753C91B880B}.Release|Any CPU.Build.0 = Release|Any CPU
		{191BEB6E-1121-40AF-9988-F753C91B880B}.Release|iPhone.ActiveCfg = Release|Any CPU
		{191BEB6E-1121-40AF-9988-F753C91B880B}.Release|iPhone.Build.0 = Release|Any CPU
		{191BEB6E-1121-40AF-9988-F753C91B880B}.Release|iPhoneSimulator.ActiveCfg = Release|Any CPU
		{191BEB6E-1121-40AF-9988-F753C91B880B}.Release|iPhoneSimulator.Build.0 = Release|Any CPU
	EndGlobalSection
	GlobalSection(SolutionProperties) = preSolution
		HideSolutionNode = FALSE
	EndGlobalSection
	GlobalSection(ExtensibilityGlobals) = postSolution
		SolutionGuid = {E58D4549-FE09-4922-900A-90110BC511A9}
	EndGlobalSection
EndGlobal
